
Microsoft Visual Studio Solution File, Format Version 12.00
# Visual Studio Version 16
VisualStudioVersion = 16.0.30804.86
MinimumVisualStudioVersion = 10.0.40219.1
Project("{FAE04EC0-301F-11D3-BF4B-00C04F79EFBC}") = "EmployeeProject", "EmployeeProject.csproj", "{06375A0D-BA16-4CCE-B8D5-9E6F449AD9FD}"
EndProject
Project("{FAE04EC0-301F-11D3-BF4B-00C04F79EFBC}") = "EmployeeTest", "..\EmployeeTest\EmployeeTest.csproj", "{DED9EC54-0EA8-425D-A366-DCBB97E35DC4}"
EndProject
Global
	GlobalSection(SolutionConfigurationPlatforms) = preSolution
		Debug|Any CPU = Debug|Any CPU
		Release|Any CPU = Release|Any CPU
	EndGlobalSection
	GlobalSection(ProjectConfigurationPlatforms) = postSolution
		{06375A0D-BA16-4CCE-B8D5-9E6F449AD9FD}.Debug|Any CPU.ActiveCfg = Debug|Any CPU
		{06375A0D-BA16-4CCE-B8D5-9E6F449AD9FD}.Debug|Any CPU.Build.0 = Debug|Any CPU
		{06375A0D-BA16-4CCE-B8D5-9E6F449AD9FD}.Release|Any CPU.ActiveCfg = Release|Any CPU
		{06375A0D-BA16-4CCE-B8D5-9E6F449AD9FD}.Release|Any CPU.Build.0 = Release|Any CPU
		{DED9EC54-0EA8-425D-A366-DCBB97E35DC4}.Debug|Any CPU.ActiveCfg = Debug|Any CPU
		{DED9EC54-0EA8-425D-A366-DCBB97E35DC4}.Debug|Any CPU.Build.0 = Debug|Any CPU
		{DED9EC54-0EA8-425D-A366-DCBB97E35DC4}.Release|Any CPU.ActiveCfg = Release|Any CPU
		{DED9EC54-0EA8-425D-A366-DCBB97E35DC4}.Release|Any CPU.Build.0 = Release|Any CPU
	EndGlobalSection
	GlobalSection(SolutionProperties) = preSolution
		HideSolutionNode = FALSE
	EndGlobalSection
	GlobalSection(ExtensibilityGlobals) = postSolution
		SolutionGuid = {BD1CD746-CC9E-4A6E-A3D8-EF70BAC8A288}
	EndGlobalSection
EndGlobal
